<?xml version="1.0" encoding="utf-8"?>
<Project ToolsVersion="4.0" xmlns="http://schemas.microsoft.com/developer/msbuild/2003">
  <ItemGroup>
    <Filter Include="Source Files">
      <UniqueIdentifier>{4b1afce9-9c1d-417e-8858-42a05b442f8d}</UniqueIdentifier>
      <Extensions>cpp;c;cxx;rc;def;r;odl;idl;hpj;bat</Extensions>
    </Filter>
    <Filter Include="Header Files">
      <UniqueIdentifier>{feb59941-caf5-4118-ba36-aa477a1e6831}</UniqueIdentifier>
      <Extensions>h;hpp;hxx;hm;inl</Extensions>
    </Filter>
    <Filter Include="Resource Files">
      <UniqueIdentifier>{98137570-4a39-4ef0-bbbd-fb75026489d7}</UniqueIdentifier>
      <Extensions>ico;cur;bmp;dlg;rc2;rct;bin;rgs;gif;jpg;jpeg;jpe</Extensions>
    </Filter>
  </ItemGroup>
  <ItemGroup>
    <ClCompile Include="Src\RTOSPlugin.c">
      <Filter>Source Files</Filter>
    </ClCompile>
  </ItemGroup>
  <ItemGroup>
    <ClInclude Include="Src\RTOSPlugin.h">
      <Filter>Header Files</Filter>
    </ClInclude>
    <ClInclude Include="Src\TYPES.h">
      <Filter>Header Files</Filter>
    </ClInclude>
    <ClInclude Include="Src\JLINKARM_Const.h">
      <Filter>Header Files</Filter>
    </ClInclude>
  </ItemGroup>
</Project>